{
  "version": 4,
  "terraform_version": "1.10.3",
  "serial": 11,
  "lineage": "d9beee60-c0eb-327f-fadb-c981be832c4e",
  "outputs": {},
  "resources": [
    {
      "mode": "data",
      "type": "spotify_search_track",
      "name": "chet_baker",
      "provider": "provider[\"registry.terraform.io/conradludgate/spotify\"]",
      "instances": [
        {
          "schema_version": 0,
          "attributes": {
            "album": null,
            "artist": "chet baker",
            "explicit": true,
            "id": "1736256903",
            "limit": 10,
            "name": null,
            "tracks": [
              {
                "album": "5JJ779nrbHx0KB2lBrMMa4",
                "artists": [
                  "3rxeQlsv0Sc2nyYaZ5W71T"
                ],
                "id": "2zPANzQTt5Nbkg0eBPb7HI",
                "name": "There Will Never Be Another You - Vocal Version"
              },
              {
                "album": "5JJ779nrbHx0KB2lBrMMa4",
                "artists": [
                  "3rxeQlsv0Sc2nyYaZ5W71T"
                ],
                "id": "4l9hml2UCnxoNI3yCdL1BW",
                "name": "My Funny Valentine"
              },
              {
                "album": "6NVtIIsVMTuphtcAN9FxCc",
                "artists": [
                  "3rxeQlsv0Sc2nyYaZ5W71T"
                ],
                "id": "0UZFhlhUMrYyzzyOHkylM3",
                "name": "Let's Get Lost"
              },
              {
                "album": "5JJ779nrbHx0KB2lBrMMa4",
                "artists": [
                  "3rxeQlsv0Sc2nyYaZ5W71T"
                ],
                "id": "3pfbQmD5xGH9Tcc7GqGfSL",
                "name": "But Not For Me - Vocal Version"
              },
              {
                "album": "5JJ779nrbHx0KB2lBrMMa4",
                "artists": [
                  "3rxeQlsv0Sc2nyYaZ5W71T"
                ],
                "id": "0F845nujLVqCb0XMZCh5Pc",
                "name": "I Fall In Love Too Easily"
              },
              {
                "album": "1N1slntg5Bz5fe9S5S1R3t",
                "artists": [
                  "3rxeQlsv0Sc2nyYaZ5W71T"
                ],
                "id": "2iUrcZcAuVIahQD0dg9HLe",
                "name": "Autumn Leaves"
              },
              {
                "album": "5JJ779nrbHx0KB2lBrMMa4",
                "artists": [
                  "3rxeQlsv0Sc2nyYaZ5W71T"
                ],
                "id": "4gFlHAye7To29Fs4UszQUH",
                "name": "I Get Along Without You Very Well (Except Sometimes) - Vocal Version"
              },
              {
                "album": "5JJ779nrbHx0KB2lBrMMa4",
                "artists": [
                  "3rxeQlsv0Sc2nyYaZ5W71T"
                ],
                "id": "06UkYE0SZ3Y8zGRFOuWGAe",
                "name": "It's Always You - Vocal Version"
              },
              {
                "album": "5JJ779nrbHx0KB2lBrMMa4",
                "artists": [
                  "3rxeQlsv0Sc2nyYaZ5W71T"
                ],
                "id": "4m6OC8u2rC6LMFtFWsME7d",
                "name": "Time After Time - Vocal Version"
              },
              {
                "album": "5JJ779nrbHx0KB2lBrMMa4",
                "artists": [
                  "3rxeQlsv0Sc2nyYaZ5W71T"
                ],
                "id": "2d64G7VaZdHQuAquz5HQNu",
                "name": "That Old Feeling"
              }
            ],
            "year": null
          },
          "sensitive_attributes": []
        }
      ]
    },
    {
      "mode": "managed",
      "type": "spotify_playlist",
      "name": "chet_baker",
      "provider": "provider[\"registry.terraform.io/conradludgate/spotify\"]",
      "instances": [
        {
          "schema_version": 0,
          "attributes": {
            "description": "",
            "id": "2W4z46hGYv0vgamFzSaDxH",
            "name": " chet baker jazzintime",
            "public": true,
            "snapshot_id": "AAAAA1dASUA8jGL8maUe8sgepmdRgVxP",
            "tracks": [
              "0UZFhlhUMrYyzzyOHkylM3"
            ]
          },
          "sensitive_attributes": [],
          "private": "bnVsbA==",
          "dependencies": [
            "data.spotify_search_track.chet_baker"
          ]
        }
      ]
    },
    {
      "mode": "managed",
      "type": "spotify_playlist",
      "name": "jazz_in_time",
      "provider": "provider[\"registry.terraform.io/conradludgate/spotify\"]",
      "instances": [
        {
          "schema_version": 0,
          "attributes": {
            "description": "My playlist is so for sebs",
            "id": "40tVGMS2l1qk9lMI6HO3lq",
            "name": "jazz_in_time",
            "public": true,
            "snapshot_id": "AAAAAw0YBxQTDUERdr06IW6YpV8lFODd",
            "tracks": [
              "5703NcgKkYX9LxQLA2VC57",
              "5ztIul377mylwHJkCnIWbn"
            ]
          },
          "sensitive_attributes": [],
          "private": "bnVsbA=="
        }
      ]
    }
  ],
  "check_results": null
}
